
Microsoft Visual Studio Solution File, Format Version 12.00
# Visual Studio Version 17
VisualStudioVersion = 17.4.33205.214
MinimumVisualStudioVersion = 10.0.40219.1
Project("{FAE04EC0-301F-11D3-BF4B-00C04F79EFBC}") = "Sección5", "Sección5\Sección5.csproj", "{8BEEE31A-D0E1-441C-A8F7-2941992FA58B}"
EndProject
Project("{FAE04EC0-301F-11D3-BF4B-00C04F79EFBC}") = "Tarea1", "Tarea1\Tarea1.csproj", "{0357B2F8-562B-4CB9-9948-B4476503C25C}"
EndProject
Project("{FAE04EC0-301F-11D3-BF4B-00C04F79EFBC}") = "Tarea2", "Tarea2\Tarea2.csproj", "{FD28E659-D1DB-4CF2-9636-E919EE856E14}"
EndProject
Global
	GlobalSection(SolutionConfigurationPlatforms) = preSolution
		Debug|Any CPU = Debug|Any CPU
		Release|Any CPU = Release|Any CPU
	EndGlobalSection
	GlobalSection(ProjectConfigurationPlatforms) = postSolution
		{8BEEE31A-D0E1-441C-A8F7-2941992FA58B}.Debug|Any CPU.ActiveCfg = Debug|Any CPU
		{8BEEE31A-D0E1-441C-A8F7-2941992FA58B}.Debug|Any CPU.Build.0 = Debug|Any CPU
		{8BEEE31A-D0E1-441C-A8F7-2941992FA58B}.Release|Any CPU.ActiveCfg = Release|Any CPU
		{8BEEE31A-D0E1-441C-A8F7-2941992FA58B}.Release|Any CPU.Build.0 = Release|Any CPU
		{0357B2F8-562B-4CB9-9948-B4476503C25C}.Debug|Any CPU.ActiveCfg = Debug|Any CPU
		{0357B2F8-562B-4CB9-9948-B4476503C25C}.Debug|Any CPU.Build.0 = Debug|Any CPU
		{0357B2F8-562B-4CB9-9948-B4476503C25C}.Release|Any CPU.ActiveCfg = Release|Any CPU
		{0357B2F8-562B-4CB9-9948-B4476503C25C}.Release|Any CPU.Build.0 = Release|Any CPU
		{FD28E659-D1DB-4CF2-9636-E919EE856E14}.Debug|Any CPU.ActiveCfg = Debug|Any CPU
		{FD28E659-D1DB-4CF2-9636-E919EE856E14}.Debug|Any CPU.Build.0 = Debug|Any CPU
		{FD28E659-D1DB-4CF2-9636-E919EE856E14}.Release|Any CPU.ActiveCfg = Release|Any CPU
		{FD28E659-D1DB-4CF2-9636-E919EE856E14}.Release|Any CPU.Build.0 = Release|Any CPU
	EndGlobalSection
	GlobalSection(SolutionProperties) = preSolution
		HideSolutionNode = FALSE
	EndGlobalSection
	GlobalSection(ExtensibilityGlobals) = postSolution
		SolutionGuid = {353D02D6-AA3E-4716-BBD9-70BF2F09A155}
	EndGlobalSection
EndGlobal
